
Microsoft Visual Studio Solution File, Format Version 12.00
# Visual Studio Version 17
VisualStudioVersion = 17.8.34330.188
MinimumVisualStudioVersion = 10.0.40219.1
Project("{9A19103F-16F7-4668-BE54-9A1E7A4F7556}") = "WebAPI_CQRS", "WebAPI_CQRS\WebAPI_CQRS.csproj", "{4126F968-1AE7-4433-8B95-B4C7A4542EAD}"
EndProject
Project("{9A19103F-16F7-4668-BE54-9A1E7A4F7556}") = "Infraestructure_Layer", "Infraestructure_Layer\Infraestructure_Layer.csproj", "{7C9F35E8-1185-484C-97EA-30630E1842C2}"
EndProject
Project("{FAE04EC0-301F-11D3-BF4B-00C04F79EFBC}") = "Application_Layer", "Application_Layer\Application_Layer.csproj", "{98F30AC4-3F42-470B-B281-5469B8FB1A97}"
EndProject
Project("{FAE04EC0-301F-11D3-BF4B-00C04F79EFBC}") = "Domain_Layer", "Domain_Layer\Domain_Layer.csproj", "{4A4AF33D-BAF4-4C40-9C85-1444B164D09C}"
EndProject
Global
	GlobalSection(SolutionConfigurationPlatforms) = preSolution
		Debug|Any CPU = Debug|Any CPU
		Release|Any CPU = Release|Any CPU
	EndGlobalSection
	GlobalSection(ProjectConfigurationPlatforms) = postSolution
		{4126F968-1AE7-4433-8B95-B4C7A4542EAD}.Debug|Any CPU.ActiveCfg = Debug|Any CPU
		{4126F968-1AE7-4433-8B95-B4C7A4542EAD}.Debug|Any CPU.Build.0 = Debug|Any CPU
		{4126F968-1AE7-4433-8B95-B4C7A4542EAD}.Release|Any CPU.ActiveCfg = Release|Any CPU
		{4126F968-1AE7-4433-8B95-B4C7A4542EAD}.Release|Any CPU.Build.0 = Release|Any CPU
		{7C9F35E8-1185-484C-97EA-30630E1842C2}.Debug|Any CPU.ActiveCfg = Debug|Any CPU
		{7C9F35E8-1185-484C-97EA-30630E1842C2}.Debug|Any CPU.Build.0 = Debug|Any CPU
		{7C9F35E8-1185-484C-97EA-30630E1842C2}.Release|Any CPU.ActiveCfg = Release|Any CPU
		{7C9F35E8-1185-484C-97EA-30630E1842C2}.Release|Any CPU.Build.0 = Release|Any CPU
		{98F30AC4-3F42-470B-B281-5469B8FB1A97}.Debug|Any CPU.ActiveCfg = Debug|Any CPU
		{98F30AC4-3F42-470B-B281-5469B8FB1A97}.Debug|Any CPU.Build.0 = Debug|Any CPU
		{98F30AC4-3F42-470B-B281-5469B8FB1A97}.Release|Any CPU.ActiveCfg = Release|Any CPU
		{98F30AC4-3F42-470B-B281-5469B8FB1A97}.Release|Any CPU.Build.0 = Release|Any CPU
		{4A4AF33D-BAF4-4C40-9C85-1444B164D09C}.Debug|Any CPU.ActiveCfg = Debug|Any CPU
		{4A4AF33D-BAF4-4C40-9C85-1444B164D09C}.Debug|Any CPU.Build.0 = Debug|Any CPU
		{4A4AF33D-BAF4-4C40-9C85-1444B164D09C}.Release|Any CPU.ActiveCfg = Release|Any CPU
		{4A4AF33D-BAF4-4C40-9C85-1444B164D09C}.Release|Any CPU.Build.0 = Release|Any CPU
	EndGlobalSection
	GlobalSection(SolutionProperties) = preSolution
		HideSolutionNode = FALSE
	EndGlobalSection
	GlobalSection(ExtensibilityGlobals) = postSolution
		SolutionGuid = {702E42D5-CD66-4088-9500-6BBB5772D97A}
	EndGlobalSection
EndGlobal
